// !$*UTF8*$!
{
	archiveVersion = 1;
	classes = {
	};
	objectVersion = 50;
	objects = {

/* Begin PBXBuildFile section */
		72F0AB62264B644F007FA4F6 /* MyCollectionViewCell.swift in Sources */ = {isa = PBXBuildFile; fileRef = 72F0AB61264B644F007FA4F6 /* MyCollectionViewCell.swift */; };
		72F7D12B2647C0ED006946AC /* AppDelegate.swift in Sources */ = {isa = PBXBuildFile; fileRef = 72F7D12A2647C0ED006946AC /* AppDelegate.swift */; };
		72F7D12D2647C0ED006946AC /* SceneDelegate.swift in Sources */ = {isa = PBXBuildFile; fileRef = 72F7D12C2647C0ED006946AC /* SceneDelegate.swift */; };
		72F7D1342647C0EE006946AC /* Assets.xcassets in Resources */ = {isa = PBXBuildFile; fileRef = 72F7D1332647C0EE006946AC /* Assets.xcassets */; };
		72F7D1372647C0EE006946AC /* LaunchScreen.storyboard in Resources */ = {isa = PBXBuildFile; fileRef = 72F7D1352647C0EE006946AC /* LaunchScreen.storyboard */; };
		72F7D13F2647C23E006946AC /* MyCollectionViewController.swift in Sources */ = {isa = PBXBuildFile; fileRef = 72F7D13E2647C23E006946AC /* MyCollectionViewController.swift */; };
/* End PBXBuildFile section */

/* Begin PBXFileReference section */
		72F0AB61264B644F007FA4F6 /* MyCollectionViewCell.swift */ = {isa = PBXFileReference; lastKnownFileType = sourcecode.swift; path = MyCollectionViewCell.swift; sourceTree = "<group>"; };
		72F7D1272647C0ED006946AC /* study2.app */ = {isa = PBXFileReference; explicitFileType = wrapper.application; includeInIndex = 0; path = study2.app; sourceTree = BUILT_PRODUCTS_DIR; };
		72F7D12A2647C0ED006946AC /* AppDelegate.swift */ = {isa = PBXFileReference; lastKnownFileType = sourcecode.swift; path = AppDelegate.swift; sourceTree = "<group>"; };
		72F7D12C2647C0ED006946AC /* SceneDelegate.swift */ = {isa = PBXFileReference; lastKnownFileType = sourcecode.swift; path = SceneDelegate.swift; sourceTree = "<group>"; };
		72F7D1332647C0EE006946AC /* Assets.xcassets */ = {isa = PBXFileReference; lastKnownFileType = folder.assetcatalog; path = Assets.xcassets; sourceTree = "<group>"; };
		72F7D1362647C0EE006946AC /* Base */ = {isa = PBXFileReference; lastKnownFileType = file.storyboard; name = Base; path = Base.lproj/LaunchScreen.storyboard; sourceTree = "<group>"; };
		72F7D1382647C0EE006946AC /* Info.plist */ = {isa = PBXFileReference; lastKnownFileType = text.plist.xml; path = Info.plist; sourceTree = "<group>"; };
		72F7D13E2647C23E006946AC /* MyCollectionViewController.swift */ = {isa = PBXFileReference; lastKnownFileType = sourcecode.swift; path = MyCollectionViewController.swift; sourceTree = "<group>"; };
/* End PBXFileReference section */

/* Begin PBXFrameworksBuildPhase section */
		72F7D1242647C0ED006946AC /* Frameworks */ = {
			isa = PBXFrameworksBuildPhase;
			buildActionMask = 2147483647;
			files = (
			);
			runOnlyForDeploymentPostprocessing = 0;
		};
/* End PBXFrameworksBuildPhase section */

/* Begin PBXGroup section */
		72F7D11E2647C0ED006946AC = {
			isa = PBXGroup;
			children = (
				72F7D1292647C0ED006946AC /* study2 */,
				72F7D1282647C0ED006946AC /* Products */,
			);
			sourceTree = "<group>";
		};
		72F7D1282647C0ED006946AC /* Products */ = {
			isa = PBXGroup;
			children = (
				72F7D1272647C0ED006946AC /* study2.app */,
			);
			name = Products;
			sourceTree = "<group>";
		};
		72F7D1292647C0ED006946AC /* study2 */ = {
			isa = PBXGroup;
			children = (
				72F7D12A2647C0ED006946AC /* AppDelegate.swift */,
				72F7D12C2647C0ED006946AC /* SceneDelegate.swift */,
				72F0AB61264B644F007FA4F6 /* MyCollectionViewCell.swift */,
				72F7D13E2647C23E006946AC /* MyCollectionViewController.swift */,
				72F7D1332647C0EE006946AC /* Assets.xcassets */,
				72F7D1352647C0EE006946AC /* LaunchScreen.storyboard */,
				72F7D1382647C0EE006946AC /* Info.plist */,
			);
			path = study2;
			sourceTree = "<group>";
		};
/* End PBXGroup section */

/* Begin PBXNativeTarget section */
		72F7D1262647C0ED006946AC /* study2 */ = {
			isa = PBXNativeTarget;
			buildConfigurationList = 72F7D13B2647C0EE006946AC /* Build configuration list for PBXNativeTarget "study2" */;
			buildPhases = (
				72F7D1232647C0ED006946AC /* Sources */,
				72F7D1242647C0ED006946AC /* Frameworks */,
				72F7D1252647C0ED006946AC /* Resources */,
			);
			buildRules = (
			);
			dependencies = (
			);
			name = study2;
			productName = study2;
			productReference = 72F7D1272647C0ED006946AC /* study2.app */;
			productType = "com.apple.product-type.application";
		};
/* End PBXNativeTarget section */

/* Begin PBXProject section */
		72F7D11F2647C0ED006946AC /* Project object */ = {
			isa = PBXProject;
			attributes = {
				LastSwiftUpdateCheck = 1250;
				LastUpgradeCheck = 1250;
				TargetAttributes = {
					72F7D1262647C0ED006946AC = {
						CreatedOnToolsVersion = 12.5;
					};
				};
			};
			buildConfigurationList = 72F7D1222647C0ED006946AC /* Build configuration list for PBXProject "study2" */;
			compatibilityVersion = "Xcode 9.3";
			developmentRegion = en;
			hasScannedForEncodings = 0;
			knownRegions = (
				en,
				Base,
			);
			mainGroup = 72F7D11E2647C0ED006946AC;
			productRefGroup = 72F7D1282647C0ED006946AC /* Products */;
			projectDirPath = "";
			projectRoot = "";
			targets = (
				72F7D1262647C0ED006946AC /* study2 */,
			);
		};
/* End PBXProject section */

/* Begin PBXResourcesBuildPhase section */
		72F7D1252647C0ED006946AC /* Resources */ = {
			isa = PBXResourcesBuildPhase;
			buildActionMask = 2147483647;
			files = (
				72F7D1372647C0EE006946AC /* LaunchScreen.storyboard in Resources */,
				72F7D1342647C0EE006946AC /* Assets.xcassets in Resources */,
			);
			runOnlyForDeploymentPostprocessing = 0;
		};
/* End PBXResourcesBuildPhase section */

/* Begin PBXSourcesBuildPhase section */
		72F7D1232647C0ED006946AC /* Sources */ = {
			isa = PBXSourcesBuildPhase;
			buildActionMask = 2147483647;
			files = (
				72F7D12B2647C0ED006946AC /* AppDelegate.swift in Sources */,
				72F7D13F2647C23E006946AC /* MyCollectionViewController.swift in Sources */,
				72F0AB62264B644F007FA4F6 /* MyCollectionViewCell.swift in Sources */,
				72F7D12D2647C0ED006946AC /* SceneDelegate.swift in Sources */,
			);
			runOnlyForDeploymentPostprocessing = 0;
		};
/* End PBXSourcesBuildPhase section */

/* Begin PBXVariantGroup section */
		72F7D1352647C0EE006946AC /* LaunchScreen.storyboard */ = {
			isa = PBXVariantGroup;
			children = (
				72F7D1362647C0EE006946AC /* Base */,
			);
			name = LaunchScreen.storyboard;
			sourceTree = "<group>";
		};
/* End PBXVariantGroup section */

/* Begin XCBuildConfiguration section */
		72F7D1392647C0EE006946AC /* Debug */ = {
			isa = XCBuildConfiguration;
			buildSettings = {
				ALWAYS_SEARCH_USER_PATHS = NO;
				CLANG_ANALYZER_NONNULL = YES;
				CLANG_ANALYZER_NUMBER_OBJECT_CONVERSION = YES_AGGRESSIVE;
				CLANG_CXX_LANGUAGE_STANDARD = "gnu++14";
				CLANG_CXX_LIBRARY = "libc++";
				CLANG_ENABLE_MODULES = YES;
				CLANG_ENABLE_OBJC_ARC = YES;
				CLANG_ENABLE_OBJC_WEAK = YES;
				CLANG_WARN_BLOCK_CAPTURE_AUTORELEASING = YES;
				CLANG_WARN_BOOL_CONVERSION = YES;
				CLANG_WARN_COMMA = YES;
				CLANG_WARN_CONSTANT_CONVERSION = YES;
				CLANG_WARN_DEPRECATED_OBJC_IMPLEMENTATIONS = YES;
				CLANG_WARN_DIRECT_OBJC_ISA_USAGE = YES_ERROR;
				CLANG_WARN_DOCUMENTATION_COMMENTS = YES;
				CLANG_WARN_EMPTY_BODY = YES;
				CLANG_WARN_ENUM_CONVERSION = YES;
				CLANG_WARN_INFINITE_RECURSION = YES;
				CLANG_WARN_INT_CONVERSION = YES;
				CLANG_WARN_NON_LITERAL_NULL_CONVERSION = YES;
				CLANG_WARN_OBJC_IMPLICIT_RETAIN_SELF = YES;
				CLANG_WARN_OBJC_LITERAL_CONVERSION = YES;
				CLANG_WARN_OBJC_ROOT_CLASS = YES_ERROR;
				CLANG_WARN_QUOTED_INCLUDE_IN_FRAMEWORK_HEADER = YES;
				CLANG_WARN_RANGE_LOOP_ANALYSIS = YES;
				CLANG_WARN_STRICT_PROTOTYPES = YES;
				CLANG_WARN_SUSPICIOUS_MOVE = YES;
				CLANG_WARN_UNGUARDED_AVAILABILITY = YES_AGGRESSIVE;
				CLANG_WARN_UNREACHABLE_CODE = YES;
				CLANG_WARN__DUPLICATE_METHOD_MATCH = YES;
				COPY_PHASE_STRIP = NO;
				DEBUG_INFORMATION_FORMAT = dwarf;
				ENABLE_STRICT_OBJC_MSGSEND = YES;
				ENABLE_TESTABILITY = YES;
				GCC_C_LANGUAGE_STANDARD = gnu11;
				GCC_DYNAMIC_NO_PIC = NO;
				GCC_NO_COMMON_BLOCKS = YES;
				GCC_OPTIMIZATION_LEVEL = 0;
				GCC_PREPROCESSOR_DEFINITIONS = (
					"DEBUG=1",
					"$(inherited)",
				);
				GCC_WARN_64_TO_32_BIT_CONVERSION = YES;
				GCC_WARN_ABOUT_RETURN_TYPE = YES_ERROR;
				GCC_WARN_UNDECLARED_SELECTOR = YES;
				GCC_WARN_UNINITIALIZED_AUTOS = YES_AGGRESSIVE;
				GCC_WARN_UNUSED_FUNCTION = YES;
				GCC_WARN_UNUSED_VARIABLE = YES;
				IPHONEOS_DEPLOYMENT_TARGET = 14.5;
				MTL_ENABLE_DEBUG_INFO = INCLUDE_SOURCE;
				MTL_FAST_MATH = YES;
				ONLY_ACTIVE_ARCH = YES;
				SDKROOT = iphoneos;
				SWIFT_ACTIVE_COMPILATION_CONDITIONS = DEBUG;
				SWIFT_OPTIMIZATION_LEVEL = "-Onone";
			};
			name = Debug;
		};
		72F7D13A2647C0EE006946AC /* Release */ = {
			isa = XCBuildConfiguration;
			buildSettings = {
				ALWAYS_SEARCH_USER_PATHS = NO;
				CLANG_ANALYZER_NONNULL = YES;
				CLANG_ANALYZER_NUMBER_OBJECT_CONVERSION = YES_AGGRESSIVE;
				CLANG_CXX_LANGUAGE_STANDARD = "gnu++14";
				CLANG_CXX_LIBRARY = "libc++";
				CLANG_ENABLE_MODULES = YES;
				CLANG_ENABLE_OBJC_ARC = YES;
				CLANG_ENABLE_OBJC_WEAK = YES;
				CLANG_WARN_BLOCK_CAPTURE_AUTORELEASING = YES;
				CLANG_WARN_BOOL_CONVERSION = YES;
				CLANG_WARN_COMMA = YES;
				CLANG_WARN_CONSTANT_CONVERSION = YES;
				CLANG_WARN_DEPRECATED_OBJC_IMPLEMENTATIONS = YES;
				CLANG_WARN_DIRECT_OBJC_ISA_USAGE = YES_ERROR;
				CLANG_WARN_DOCUMENTATION_COMMENTS = YES;
				CLANG_WARN_EMPTY_BODY = YES;
				CLANG_WARN_ENUM_CONVERSION = YES;
				CLANG_WARN_INFINITE_RECURSION = YES;
				CLANG_WARN_INT_CONVERSION = YES;
				CLANG_WARN_NON_LITERAL_NULL_CONVERSION = YES;
				CLANG_WARN_OBJC_IMPLICIT_RETAIN_SELF = YES;
				CLANG_WARN_OBJC_LITERAL_CONVERSION = YES;
				CLANG_WARN_OBJC_ROOT_CLASS = YES_ERROR;
				CLANG_WARN_QUOTED_INCLUDE_IN_FRAMEWORK_HEADER = YES;
				CLANG_WARN_RANGE_LOOP_ANALYSIS = YES;
				CLANG_WARN_STRICT_PROTOTYPES = YES;
				CLANG_WARN_SUSPICIOUS_MOVE = YES;
				CLANG_WARN_UNGUARDED_AVAILABILITY = YES_AGGRESSIVE;
				CLANG_WARN_UNREACHABLE_CODE = YES;
				CLANG_WARN__DUPLICATE_METHOD_MATCH = YES;
				COPY_PHASE_STRIP = NO;
				DEBUG_INFORMATION_FORMAT = "dwarf-with-dsym";
				ENABLE_NS_ASSERTIONS = NO;
				ENABLE_STRICT_OBJC_MSGSEND = YES;
				GCC_C_LANGUAGE_STANDARD = gnu11;
				GCC_NO_COMMON_BLOCKS = YES;
				GCC_WARN_64_TO_32_BIT_CONVERSION = YES;
				GCC_WARN_ABOUT_RETURN_TYPE = YES_ERROR;
				GCC_WARN_UNDECLARED_SELECTOR = YES;
				GCC_WARN_UNINITIALIZED_AUTOS = YES_AGGRESSIVE;
				GCC_WARN_UNUSED_FUNCTION = YES;
				GCC_WARN_UNUSED_VARIABLE = YES;
				IPHONEOS_DEPLOYMENT_TARGET = 14.5;
				MTL_ENABLE_DEBUG_INFO = NO;
				MTL_FAST_MATH = YES;
				SDKROOT = iphoneos;
				SWIFT_COMPILATION_MODE = wholemodule;
				SWIFT_OPTIMIZATION_LEVEL = "-O";
				VALIDATE_PRODUCT = YES;
			};
			name = Release;
		};
		72F7D13C2647C0EE006946AC /* Debug */ = {
			isa = XCBuildConfiguration;
			buildSettings = {
				ASSETCATALOG_COMPILER_APPICON_NAME = AppIcon;
				ASSETCATALOG_COMPILER_GLOBAL_ACCENT_COLOR_NAME = AccentColor;
				CODE_SIGN_STYLE = Automatic;
				DEVELOPMENT_TEAM = 8682R2TV9L;
				INFOPLIST_FILE = study2/Info.plist;
				LD_RUNPATH_SEARCH_PATHS = (
					"$(inherited)",
					"@executable_path/Frameworks",
				);
				PRODUCT_BUNDLE_IDENTIFIER = ZainGlobal.study2;
				PRODUCT_NAME = "$(TARGET_NAME)";
				SWIFT_VERSION = 5.0;
				TARGETED_DEVICE_FAMILY = "1,2";
			};
			name = Debug;
		};
		72F7D13D2647C0EE006946AC /* Release */ = {
			isa = XCBuildConfiguration;
			buildSettings = {
				ASSETCATALOG_COMPILER_APPICON_NAME = AppIcon;
				ASSETCATALOG_COMPILER_GLOBAL_ACCENT_COLOR_NAME = AccentColor;
				CODE_SIGN_STYLE = Automatic;
				DEVELOPMENT_TEAM = 8682R2TV9L;
				INFOPLIST_FILE = study2/Info.plist;
				LD_RUNPATH_SEARCH_PATHS = (
					"$(inherited)",
					"@executable_path/Frameworks",
				);
				PRODUCT_BUNDLE_IDENTIFIER = ZainGlobal.study2;
				PRODUCT_NAME = "$(TARGET_NAME)";
				SWIFT_VERSION = 5.0;
				TARGETED_DEVICE_FAMILY = "1,2";
			};
			name = Release;
		};
/* End XCBuildConfiguration section */

/* Begin XCConfigurationList section */
		72F7D1222647C0ED006946AC /* Build configuration list for PBXProject "study2" */ = {
			isa = XCConfigurationList;
			buildConfigurations = (
				72F7D1392647C0EE006946AC /* Debug */,
				72F7D13A2647C0EE006946AC /* Release */,
			);
			defaultConfigurationIsVisible = 0;
			defaultConfigurationName = Release;
		};
		72F7D13B2647C0EE006946AC /* Build configuration list for PBXNativeTarget "study2" */ = {
			isa = XCConfigurationList;
			buildConfigurations = (
				72F7D13C2647C0EE006946AC /* Debug */,
				72F7D13D2647C0EE006946AC /* Release */,
			);
			defaultConfigurationIsVisible = 0;
			defaultConfigurationName = Release;
		};
/* End XCConfigurationList section */
	};
	rootObject = 72F7D11F2647C0ED006946AC /* Project object */;
}
