// !$*UTF8*$!
{
	archiveVersion = 1;
	classes = {
	};
	objectVersion = 51;
	objects = {

/* Begin PBXBuildFile section */
		720F03FC268334B60036C96F /* MyCustomSegmentControl.swift in Sources */ = {isa = PBXBuildFile; fileRef = 720F03FB268334B60036C96F /* MyCustomSegmentControl.swift */; };
		721BF0BF269CA38D00922F9C /* PagingMenuViewController.swift in Sources */ = {isa = PBXBuildFile; fileRef = 721BF0BE269CA38D00922F9C /* PagingMenuViewController.swift */; };
		721BF0C1269CA5FF00922F9C /* Main.storyboard in Resources */ = {isa = PBXBuildFile; fileRef = 721BF0C0269CA5FF00922F9C /* Main.storyboard */; };
		7257E84F2662077A006F4960 /* FollowingTab.swift in Sources */ = {isa = PBXBuildFile; fileRef = 7257E84E2662077A006F4960 /* FollowingTab.swift */; };
		7257E85126620782006F4960 /* PopularTab.swift in Sources */ = {isa = PBXBuildFile; fileRef = 7257E85026620782006F4960 /* PopularTab.swift */; };
		7257E85326620788006F4960 /* PostTab.swift in Sources */ = {isa = PBXBuildFile; fileRef = 7257E85226620788006F4960 /* PostTab.swift */; };
		725C9FFB265D4791000D40BF /* AppDelegate.swift in Sources */ = {isa = PBXBuildFile; fileRef = 725C9FFA265D4791000D40BF /* AppDelegate.swift */; };
		725C9FFD265D4791000D40BF /* SceneDelegate.swift in Sources */ = {isa = PBXBuildFile; fileRef = 725C9FFC265D4791000D40BF /* SceneDelegate.swift */; };
		725CA004265D4792000D40BF /* Assets.xcassets in Resources */ = {isa = PBXBuildFile; fileRef = 725CA003265D4792000D40BF /* Assets.xcassets */; };
		725CA007265D4792000D40BF /* LaunchScreen.storyboard in Resources */ = {isa = PBXBuildFile; fileRef = 725CA005265D4792000D40BF /* LaunchScreen.storyboard */; };
		725CA00F265D47BA000D40BF /* BaseViewController.swift in Sources */ = {isa = PBXBuildFile; fileRef = 725CA00E265D47BA000D40BF /* BaseViewController.swift */; };
		725CA014265D4C02000D40BF /* HomeViewController.swift in Sources */ = {isa = PBXBuildFile; fileRef = 725CA013265D4C02000D40BF /* HomeViewController.swift */; };
		725CA016265D4C0B000D40BF /* SearchViewController.swift in Sources */ = {isa = PBXBuildFile; fileRef = 725CA015265D4C0B000D40BF /* SearchViewController.swift */; };
		725CA018265D4C13000D40BF /* MatchViewController.swift in Sources */ = {isa = PBXBuildFile; fileRef = 725CA017265D4C13000D40BF /* MatchViewController.swift */; };
		725CA01A265D4C22000D40BF /* PracticeViewController.swift in Sources */ = {isa = PBXBuildFile; fileRef = 725CA019265D4C22000D40BF /* PracticeViewController.swift */; };
		725CA01C265D4C2F000D40BF /* ProfileViewController.swift in Sources */ = {isa = PBXBuildFile; fileRef = 725CA01B265D4C2F000D40BF /* ProfileViewController.swift */; };
		725FAC05269DD32B001273D7 /* MenuCell.swift in Sources */ = {isa = PBXBuildFile; fileRef = 725FAC04269DD32B001273D7 /* MenuCell.swift */; };
		725FAC07269DD3CB001273D7 /* MenuCell.xib in Resources */ = {isa = PBXBuildFile; fileRef = 725FAC06269DD3CB001273D7 /* MenuCell.xib */; };
		725FAC09269DD8E7001273D7 /* FocusView.xib in Resources */ = {isa = PBXBuildFile; fileRef = 725FAC08269DD8E7001273D7 /* FocusView.xib */; };
		728F3DD3265E8F47006CD265 /* MainTabBarViewController.swift in Sources */ = {isa = PBXBuildFile; fileRef = 728F3DD2265E8F47006CD265 /* MainTabBarViewController.swift */; };
		728F3DD5265E9831006CD265 /* MessageViewController.swift in Sources */ = {isa = PBXBuildFile; fileRef = 728F3DD4265E9831006CD265 /* MessageViewController.swift */; };
		728F3DD7265E9857006CD265 /* AlarmViewController.swift in Sources */ = {isa = PBXBuildFile; fileRef = 728F3DD6265E9857006CD265 /* AlarmViewController.swift */; };
		728F3DD9265E9866006CD265 /* UploadViewController.swift in Sources */ = {isa = PBXBuildFile; fileRef = 728F3DD8265E9866006CD265 /* UploadViewController.swift */; };
		72F9B44B265F611100F3E692 /* CommentCell.swift in Sources */ = {isa = PBXBuildFile; fileRef = 72F9B44A265F611100F3E692 /* CommentCell.swift */; };
		72F9B44D265F611800F3E692 /* PostCell.swift in Sources */ = {isa = PBXBuildFile; fileRef = 72F9B44C265F611800F3E692 /* PostCell.swift */; };
		72F9B44F265F612000F3E692 /* TrackCell.swift in Sources */ = {isa = PBXBuildFile; fileRef = 72F9B44E265F612000F3E692 /* TrackCell.swift */; };
		F411F1BD4492DA0832F02F08 /* Pods_MyConnecty.framework in Frameworks */ = {isa = PBXBuildFile; fileRef = A38147D23ACF7466306D9A55 /* Pods_MyConnecty.framework */; };
/* End PBXBuildFile section */

/* Begin PBXFileReference section */
		720F03FB268334B60036C96F /* MyCustomSegmentControl.swift */ = {isa = PBXFileReference; lastKnownFileType = sourcecode.swift; path = MyCustomSegmentControl.swift; sourceTree = "<group>"; };
		721BF0BE269CA38D00922F9C /* PagingMenuViewController.swift */ = {isa = PBXFileReference; lastKnownFileType = sourcecode.swift; path = PagingMenuViewController.swift; sourceTree = "<group>"; };
		721BF0C0269CA5FF00922F9C /* Main.storyboard */ = {isa = PBXFileReference; lastKnownFileType = file.storyboard; path = Main.storyboard; sourceTree = "<group>"; };
		7257E84E2662077A006F4960 /* FollowingTab.swift */ = {isa = PBXFileReference; lastKnownFileType = sourcecode.swift; path = FollowingTab.swift; sourceTree = "<group>"; };
		7257E85026620782006F4960 /* PopularTab.swift */ = {isa = PBXFileReference; lastKnownFileType = sourcecode.swift; path = PopularTab.swift; sourceTree = "<group>"; };
		7257E85226620788006F4960 /* PostTab.swift */ = {isa = PBXFileReference; lastKnownFileType = sourcecode.swift; path = PostTab.swift; sourceTree = "<group>"; };
		725C9FF7265D4791000D40BF /* MyConnecty.app */ = {isa = PBXFileReference; explicitFileType = wrapper.application; includeInIndex = 0; path = MyConnecty.app; sourceTree = BUILT_PRODUCTS_DIR; };
		725C9FFA265D4791000D40BF /* AppDelegate.swift */ = {isa = PBXFileReference; lastKnownFileType = sourcecode.swift; path = AppDelegate.swift; sourceTree = "<group>"; };
		725C9FFC265D4791000D40BF /* SceneDelegate.swift */ = {isa = PBXFileReference; lastKnownFileType = sourcecode.swift; path = SceneDelegate.swift; sourceTree = "<group>"; };
		725CA003265D4792000D40BF /* Assets.xcassets */ = {isa = PBXFileReference; lastKnownFileType = folder.assetcatalog; path = Assets.xcassets; sourceTree = "<group>"; };
		725CA006265D4792000D40BF /* Base */ = {isa = PBXFileReference; lastKnownFileType = file.storyboard; name = Base; path = Base.lproj/LaunchScreen.storyboard; sourceTree = "<group>"; };
		725CA008265D4792000D40BF /* Info.plist */ = {isa = PBXFileReference; lastKnownFileType = text.plist.xml; path = Info.plist; sourceTree = "<group>"; };
		725CA00E265D47BA000D40BF /* BaseViewController.swift */ = {isa = PBXFileReference; lastKnownFileType = sourcecode.swift; path = BaseViewController.swift; sourceTree = "<group>"; };
		725CA013265D4C02000D40BF /* HomeViewController.swift */ = {isa = PBXFileReference; lastKnownFileType = sourcecode.swift; path = HomeViewController.swift; sourceTree = "<group>"; };
		725CA015265D4C0B000D40BF /* SearchViewController.swift */ = {isa = PBXFileReference; lastKnownFileType = sourcecode.swift; path = SearchViewController.swift; sourceTree = "<group>"; };
		725CA017265D4C13000D40BF /* MatchViewController.swift */ = {isa = PBXFileReference; lastKnownFileType = sourcecode.swift; path = MatchViewController.swift; sourceTree = "<group>"; };
		725CA019265D4C22000D40BF /* PracticeViewController.swift */ = {isa = PBXFileReference; lastKnownFileType = sourcecode.swift; path = PracticeViewController.swift; sourceTree = "<group>"; };
		725CA01B265D4C2F000D40BF /* ProfileViewController.swift */ = {isa = PBXFileReference; lastKnownFileType = sourcecode.swift; path = ProfileViewController.swift; sourceTree = "<group>"; };
		725FAC04269DD32B001273D7 /* MenuCell.swift */ = {isa = PBXFileReference; lastKnownFileType = sourcecode.swift; path = MenuCell.swift; sourceTree = "<group>"; };
		725FAC06269DD3CB001273D7 /* MenuCell.xib */ = {isa = PBXFileReference; lastKnownFileType = file.xib; path = MenuCell.xib; sourceTree = "<group>"; };
		725FAC08269DD8E7001273D7 /* FocusView.xib */ = {isa = PBXFileReference; lastKnownFileType = file.xib; path = FocusView.xib; sourceTree = "<group>"; };
		728F3DD2265E8F47006CD265 /* MainTabBarViewController.swift */ = {isa = PBXFileReference; lastKnownFileType = sourcecode.swift; path = MainTabBarViewController.swift; sourceTree = "<group>"; };
		728F3DD4265E9831006CD265 /* MessageViewController.swift */ = {isa = PBXFileReference; lastKnownFileType = sourcecode.swift; path = MessageViewController.swift; sourceTree = "<group>"; };
		728F3DD6265E9857006CD265 /* AlarmViewController.swift */ = {isa = PBXFileReference; lastKnownFileType = sourcecode.swift; path = AlarmViewController.swift; sourceTree = "<group>"; };
		728F3DD8265E9866006CD265 /* UploadViewController.swift */ = {isa = PBXFileReference; lastKnownFileType = sourcecode.swift; path = UploadViewController.swift; sourceTree = "<group>"; };
		72F9B44A265F611100F3E692 /* CommentCell.swift */ = {isa = PBXFileReference; lastKnownFileType = sourcecode.swift; path = CommentCell.swift; sourceTree = "<group>"; };
		72F9B44C265F611800F3E692 /* PostCell.swift */ = {isa = PBXFileReference; lastKnownFileType = sourcecode.swift; path = PostCell.swift; sourceTree = "<group>"; };
		72F9B44E265F612000F3E692 /* TrackCell.swift */ = {isa = PBXFileReference; lastKnownFileType = sourcecode.swift; path = TrackCell.swift; sourceTree = "<group>"; };
		A38147D23ACF7466306D9A55 /* Pods_MyConnecty.framework */ = {isa = PBXFileReference; explicitFileType = wrapper.framework; includeInIndex = 0; path = Pods_MyConnecty.framework; sourceTree = BUILT_PRODUCTS_DIR; };
		B660AB24BEA911A06EEBEE72 /* Pods-MyConnecty.debug.xcconfig */ = {isa = PBXFileReference; includeInIndex = 1; lastKnownFileType = text.xcconfig; name = "Pods-MyConnecty.debug.xcconfig"; path = "Target Support Files/Pods-MyConnecty/Pods-MyConnecty.debug.xcconfig"; sourceTree = "<group>"; };
		F465AF89A71DF465761900E0 /* Pods-MyConnecty.release.xcconfig */ = {isa = PBXFileReference; includeInIndex = 1; lastKnownFileType = text.xcconfig; name = "Pods-MyConnecty.release.xcconfig"; path = "Target Support Files/Pods-MyConnecty/Pods-MyConnecty.release.xcconfig"; sourceTree = "<group>"; };
/* End PBXFileReference section */

/* Begin PBXFrameworksBuildPhase section */
		725C9FF4265D4791000D40BF /* Frameworks */ = {
			isa = PBXFrameworksBuildPhase;
			buildActionMask = 2147483647;
			files = (
				F411F1BD4492DA0832F02F08 /* Pods_MyConnecty.framework in Frameworks */,
			);
			runOnlyForDeploymentPostprocessing = 0;
		};
/* End PBXFrameworksBuildPhase section */

/* Begin PBXGroup section */
		32B3FF5D94B02BAD03AE2812 /* Frameworks */ = {
			isa = PBXGroup;
			children = (
				A38147D23ACF7466306D9A55 /* Pods_MyConnecty.framework */,
			);
			name = Frameworks;
			sourceTree = "<group>";
		};
		5E08CCC2024321D0033A15B8 /* Pods */ = {
			isa = PBXGroup;
			children = (
				B660AB24BEA911A06EEBEE72 /* Pods-MyConnecty.debug.xcconfig */,
				F465AF89A71DF465761900E0 /* Pods-MyConnecty.release.xcconfig */,
			);
			path = Pods;
			sourceTree = "<group>";
		};
		7257E8542662078C006F4960 /* HomePaging */ = {
			isa = PBXGroup;
			children = (
				721BF0BE269CA38D00922F9C /* PagingMenuViewController.swift */,
				725FAC04269DD32B001273D7 /* MenuCell.swift */,
				7257E84E2662077A006F4960 /* FollowingTab.swift */,
				7257E85026620782006F4960 /* PopularTab.swift */,
				7257E85226620788006F4960 /* PostTab.swift */,
				725FAC06269DD3CB001273D7 /* MenuCell.xib */,
				725FAC08269DD8E7001273D7 /* FocusView.xib */,
			);
			path = HomePaging;
			sourceTree = "<group>";
		};
		725C9FEE265D4791000D40BF = {
			isa = PBXGroup;
			children = (
				725C9FF9265D4791000D40BF /* MyConnecty */,
				725C9FF8265D4791000D40BF /* Products */,
				5E08CCC2024321D0033A15B8 /* Pods */,
				32B3FF5D94B02BAD03AE2812 /* Frameworks */,
			);
			sourceTree = "<group>";
		};
		725C9FF8265D4791000D40BF /* Products */ = {
			isa = PBXGroup;
			children = (
				725C9FF7265D4791000D40BF /* MyConnecty.app */,
			);
			name = Products;
			sourceTree = "<group>";
		};
		725C9FF9265D4791000D40BF /* MyConnecty */ = {
			isa = PBXGroup;
			children = (
				725C9FFA265D4791000D40BF /* AppDelegate.swift */,
				725C9FFC265D4791000D40BF /* SceneDelegate.swift */,
				728F3DD2265E8F47006CD265 /* MainTabBarViewController.swift */,
				725CA00E265D47BA000D40BF /* BaseViewController.swift */,
				725CA01D265D4C36000D40BF /* MainTab */,
				725CA003265D4792000D40BF /* Assets.xcassets */,
				725CA005265D4792000D40BF /* LaunchScreen.storyboard */,
				721BF0C0269CA5FF00922F9C /* Main.storyboard */,
				725CA008265D4792000D40BF /* Info.plist */,
			);
			path = MyConnecty;
			sourceTree = "<group>";
		};
		725CA01D265D4C36000D40BF /* MainTab */ = {
			isa = PBXGroup;
			children = (
				725CA013265D4C02000D40BF /* HomeViewController.swift */,
				72F9B450265F612500F3E692 /* PostCell */,
				728F3DDA265E986B006CD265 /* HomeNav */,
				7257E8542662078C006F4960 /* HomePaging */,
				725CA015265D4C0B000D40BF /* SearchViewController.swift */,
				725CA019265D4C22000D40BF /* PracticeViewController.swift */,
				725CA017265D4C13000D40BF /* MatchViewController.swift */,
				725CA01B265D4C2F000D40BF /* ProfileViewController.swift */,
			);
			path = MainTab;
			sourceTree = "<group>";
		};
		728F3DDA265E986B006CD265 /* HomeNav */ = {
			isa = PBXGroup;
			children = (
				720F03FB268334B60036C96F /* MyCustomSegmentControl.swift */,
				728F3DD4265E9831006CD265 /* MessageViewController.swift */,
				728F3DD6265E9857006CD265 /* AlarmViewController.swift */,
				728F3DD8265E9866006CD265 /* UploadViewController.swift */,
			);
			path = HomeNav;
			sourceTree = "<group>";
		};
		72F9B450265F612500F3E692 /* PostCell */ = {
			isa = PBXGroup;
			children = (
				72F9B44A265F611100F3E692 /* CommentCell.swift */,
				72F9B44C265F611800F3E692 /* PostCell.swift */,
				72F9B44E265F612000F3E692 /* TrackCell.swift */,
			);
			path = PostCell;
			sourceTree = "<group>";
		};
/* End PBXGroup section */

/* Begin PBXNativeTarget section */
		725C9FF6265D4791000D40BF /* MyConnecty */ = {
			isa = PBXNativeTarget;
			buildConfigurationList = 725CA00B265D4792000D40BF /* Build configuration list for PBXNativeTarget "MyConnecty" */;
			buildPhases = (
				570356C5DB32FEBFDCD83FA0 /* [CP] Check Pods Manifest.lock */,
				725C9FF3265D4791000D40BF /* Sources */,
				725C9FF4265D4791000D40BF /* Frameworks */,
				725C9FF5265D4791000D40BF /* Resources */,
				ABB6C78A34D07618F9DB9130 /* [CP] Embed Pods Frameworks */,
			);
			buildRules = (
			);
			dependencies = (
			);
			name = MyConnecty;
			productName = MyConnecty;
			productReference = 725C9FF7265D4791000D40BF /* MyConnecty.app */;
			productType = "com.apple.product-type.application";
		};
/* End PBXNativeTarget section */

/* Begin PBXProject section */
		725C9FEF265D4791000D40BF /* Project object */ = {
			isa = PBXProject;
			attributes = {
				LastSwiftUpdateCheck = 1250;
				LastUpgradeCheck = 1250;
				TargetAttributes = {
					725C9FF6265D4791000D40BF = {
						CreatedOnToolsVersion = 12.5;
					};
				};
			};
			buildConfigurationList = 725C9FF2265D4791000D40BF /* Build configuration list for PBXProject "MyConnecty" */;
			compatibilityVersion = "Xcode 9.3";
			developmentRegion = en;
			hasScannedForEncodings = 0;
			knownRegions = (
				en,
				Base,
			);
			mainGroup = 725C9FEE265D4791000D40BF;
			productRefGroup = 725C9FF8265D4791000D40BF /* Products */;
			projectDirPath = "";
			projectRoot = "";
			targets = (
				725C9FF6265D4791000D40BF /* MyConnecty */,
			);
		};
/* End PBXProject section */

/* Begin PBXResourcesBuildPhase section */
		725C9FF5265D4791000D40BF /* Resources */ = {
			isa = PBXResourcesBuildPhase;
			buildActionMask = 2147483647;
			files = (
				725CA007265D4792000D40BF /* LaunchScreen.storyboard in Resources */,
				725CA004265D4792000D40BF /* Assets.xcassets in Resources */,
				725FAC07269DD3CB001273D7 /* MenuCell.xib in Resources */,
				725FAC09269DD8E7001273D7 /* FocusView.xib in Resources */,
				721BF0C1269CA5FF00922F9C /* Main.storyboard in Resources */,
			);
			runOnlyForDeploymentPostprocessing = 0;
		};
/* End PBXResourcesBuildPhase section */

/* Begin PBXShellScriptBuildPhase section */
		570356C5DB32FEBFDCD83FA0 /* [CP] Check Pods Manifest.lock */ = {
			isa = PBXShellScriptBuildPhase;
			buildActionMask = 2147483647;
			files = (
			);
			inputFileListPaths = (
			);
			inputPaths = (
				"${PODS_PODFILE_DIR_PATH}/Podfile.lock",
				"${PODS_ROOT}/Manifest.lock",
			);
			name = "[CP] Check Pods Manifest.lock";
			outputFileListPaths = (
			);
			outputPaths = (
				"$(DERIVED_FILE_DIR)/Pods-MyConnecty-checkManifestLockResult.txt",
			);
			runOnlyForDeploymentPostprocessing = 0;
			shellPath = /bin/sh;
			shellScript = "diff \"${PODS_PODFILE_DIR_PATH}/Podfile.lock\" \"${PODS_ROOT}/Manifest.lock\" > /dev/null\nif [ $? != 0 ] ; then\n    # print error to STDERR\n    echo \"error: The sandbox is not in sync with the Podfile.lock. Run 'pod install' or update your CocoaPods installation.\" >&2\n    exit 1\nfi\n# This output is used by Xcode 'outputs' to avoid re-running this script phase.\necho \"SUCCESS\" > \"${SCRIPT_OUTPUT_FILE_0}\"\n";
			showEnvVarsInLog = 0;
		};
		ABB6C78A34D07618F9DB9130 /* [CP] Embed Pods Frameworks */ = {
			isa = PBXShellScriptBuildPhase;
			buildActionMask = 2147483647;
			files = (
			);
			inputFileListPaths = (
				"${PODS_ROOT}/Target Support Files/Pods-MyConnecty/Pods-MyConnecty-frameworks-${CONFIGURATION}-input-files.xcfilelist",
			);
			name = "[CP] Embed Pods Frameworks";
			outputFileListPaths = (
				"${PODS_ROOT}/Target Support Files/Pods-MyConnecty/Pods-MyConnecty-frameworks-${CONFIGURATION}-output-files.xcfilelist",
			);
			runOnlyForDeploymentPostprocessing = 0;
			shellPath = /bin/sh;
			shellScript = "\"${PODS_ROOT}/Target Support Files/Pods-MyConnecty/Pods-MyConnecty-frameworks.sh\"\n";
			showEnvVarsInLog = 0;
		};
/* End PBXShellScriptBuildPhase section */

/* Begin PBXSourcesBuildPhase section */
		725C9FF3265D4791000D40BF /* Sources */ = {
			isa = PBXSourcesBuildPhase;
			buildActionMask = 2147483647;
			files = (
				72F9B44B265F611100F3E692 /* CommentCell.swift in Sources */,
				725CA018265D4C13000D40BF /* MatchViewController.swift in Sources */,
				728F3DD9265E9866006CD265 /* UploadViewController.swift in Sources */,
				728F3DD7265E9857006CD265 /* AlarmViewController.swift in Sources */,
				725CA016265D4C0B000D40BF /* SearchViewController.swift in Sources */,
				7257E84F2662077A006F4960 /* FollowingTab.swift in Sources */,
				72F9B44F265F612000F3E692 /* TrackCell.swift in Sources */,
				725C9FFB265D4791000D40BF /* AppDelegate.swift in Sources */,
				728F3DD3265E8F47006CD265 /* MainTabBarViewController.swift in Sources */,
				72F9B44D265F611800F3E692 /* PostCell.swift in Sources */,
				728F3DD5265E9831006CD265 /* MessageViewController.swift in Sources */,
				721BF0BF269CA38D00922F9C /* PagingMenuViewController.swift in Sources */,
				725CA01A265D4C22000D40BF /* PracticeViewController.swift in Sources */,
				725C9FFD265D4791000D40BF /* SceneDelegate.swift in Sources */,
				725FAC05269DD32B001273D7 /* MenuCell.swift in Sources */,
				720F03FC268334B60036C96F /* MyCustomSegmentControl.swift in Sources */,
				7257E85326620788006F4960 /* PostTab.swift in Sources */,
				725CA00F265D47BA000D40BF /* BaseViewController.swift in Sources */,
				7257E85126620782006F4960 /* PopularTab.swift in Sources */,
				725CA01C265D4C2F000D40BF /* ProfileViewController.swift in Sources */,
				725CA014265D4C02000D40BF /* HomeViewController.swift in Sources */,
			);
			runOnlyForDeploymentPostprocessing = 0;
		};
/* End PBXSourcesBuildPhase section */

/* Begin PBXVariantGroup section */
		725CA005265D4792000D40BF /* LaunchScreen.storyboard */ = {
			isa = PBXVariantGroup;
			children = (
				725CA006265D4792000D40BF /* Base */,
			);
			name = LaunchScreen.storyboard;
			sourceTree = "<group>";
		};
/* End PBXVariantGroup section */

/* Begin XCBuildConfiguration section */
		725CA009265D4792000D40BF /* Debug */ = {
			isa = XCBuildConfiguration;
			buildSettings = {
				ALWAYS_SEARCH_USER_PATHS = NO;
				CLANG_ANALYZER_NONNULL = YES;
				CLANG_ANALYZER_NUMBER_OBJECT_CONVERSION = YES_AGGRESSIVE;
				CLANG_CXX_LANGUAGE_STANDARD = "gnu++14";
				CLANG_CXX_LIBRARY = "libc++";
				CLANG_ENABLE_MODULES = YES;
				CLANG_ENABLE_OBJC_ARC = YES;
				CLANG_ENABLE_OBJC_WEAK = YES;
				CLANG_WARN_BLOCK_CAPTURE_AUTORELEASING = YES;
				CLANG_WARN_BOOL_CONVERSION = YES;
				CLANG_WARN_COMMA = YES;
				CLANG_WARN_CONSTANT_CONVERSION = YES;
				CLANG_WARN_DEPRECATED_OBJC_IMPLEMENTATIONS = YES;
				CLANG_WARN_DIRECT_OBJC_ISA_USAGE = YES_ERROR;
				CLANG_WARN_DOCUMENTATION_COMMENTS = YES;
				CLANG_WARN_EMPTY_BODY = YES;
				CLANG_WARN_ENUM_CONVERSION = YES;
				CLANG_WARN_INFINITE_RECURSION = YES;
				CLANG_WARN_INT_CONVERSION = YES;
				CLANG_WARN_NON_LITERAL_NULL_CONVERSION = YES;
				CLANG_WARN_OBJC_IMPLICIT_RETAIN_SELF = YES;
				CLANG_WARN_OBJC_LITERAL_CONVERSION = YES;
				CLANG_WARN_OBJC_ROOT_CLASS = YES_ERROR;
				CLANG_WARN_QUOTED_INCLUDE_IN_FRAMEWORK_HEADER = YES;
				CLANG_WARN_RANGE_LOOP_ANALYSIS = YES;
				CLANG_WARN_STRICT_PROTOTYPES = YES;
				CLANG_WARN_SUSPICIOUS_MOVE = YES;
				CLANG_WARN_UNGUARDED_AVAILABILITY = YES_AGGRESSIVE;
				CLANG_WARN_UNREACHABLE_CODE = YES;
				CLANG_WARN__DUPLICATE_METHOD_MATCH = YES;
				COPY_PHASE_STRIP = NO;
				DEBUG_INFORMATION_FORMAT = dwarf;
				ENABLE_STRICT_OBJC_MSGSEND = YES;
				ENABLE_TESTABILITY = YES;
				GCC_C_LANGUAGE_STANDARD = gnu11;
				GCC_DYNAMIC_NO_PIC = NO;
				GCC_NO_COMMON_BLOCKS = YES;
				GCC_OPTIMIZATION_LEVEL = 0;
				GCC_PREPROCESSOR_DEFINITIONS = (
					"DEBUG=1",
					"$(inherited)",
				);
				GCC_WARN_64_TO_32_BIT_CONVERSION = YES;
				GCC_WARN_ABOUT_RETURN_TYPE = YES_ERROR;
				GCC_WARN_UNDECLARED_SELECTOR = YES;
				GCC_WARN_UNINITIALIZED_AUTOS = YES_AGGRESSIVE;
				GCC_WARN_UNUSED_FUNCTION = YES;
				GCC_WARN_UNUSED_VARIABLE = YES;
				IPHONEOS_DEPLOYMENT_TARGET = 14.5;
				MTL_ENABLE_DEBUG_INFO = INCLUDE_SOURCE;
				MTL_FAST_MATH = YES;
				ONLY_ACTIVE_ARCH = YES;
				SDKROOT = iphoneos;
				SWIFT_ACTIVE_COMPILATION_CONDITIONS = DEBUG;
				SWIFT_OPTIMIZATION_LEVEL = "-Onone";
			};
			name = Debug;
		};
		725CA00A265D4792000D40BF /* Release */ = {
			isa = XCBuildConfiguration;
			buildSettings = {
				ALWAYS_SEARCH_USER_PATHS = NO;
				CLANG_ANALYZER_NONNULL = YES;
				CLANG_ANALYZER_NUMBER_OBJECT_CONVERSION = YES_AGGRESSIVE;
				CLANG_CXX_LANGUAGE_STANDARD = "gnu++14";
				CLANG_CXX_LIBRARY = "libc++";
				CLANG_ENABLE_MODULES = YES;
				CLANG_ENABLE_OBJC_ARC = YES;
				CLANG_ENABLE_OBJC_WEAK = YES;
				CLANG_WARN_BLOCK_CAPTURE_AUTORELEASING = YES;
				CLANG_WARN_BOOL_CONVERSION = YES;
				CLANG_WARN_COMMA = YES;
				CLANG_WARN_CONSTANT_CONVERSION = YES;
				CLANG_WARN_DEPRECATED_OBJC_IMPLEMENTATIONS = YES;
				CLANG_WARN_DIRECT_OBJC_ISA_USAGE = YES_ERROR;
				CLANG_WARN_DOCUMENTATION_COMMENTS = YES;
				CLANG_WARN_EMPTY_BODY = YES;
				CLANG_WARN_ENUM_CONVERSION = YES;
				CLANG_WARN_INFINITE_RECURSION = YES;
				CLANG_WARN_INT_CONVERSION = YES;
				CLANG_WARN_NON_LITERAL_NULL_CONVERSION = YES;
				CLANG_WARN_OBJC_IMPLICIT_RETAIN_SELF = YES;
				CLANG_WARN_OBJC_LITERAL_CONVERSION = YES;
				CLANG_WARN_OBJC_ROOT_CLASS = YES_ERROR;
				CLANG_WARN_QUOTED_INCLUDE_IN_FRAMEWORK_HEADER = YES;
				CLANG_WARN_RANGE_LOOP_ANALYSIS = YES;
				CLANG_WARN_STRICT_PROTOTYPES = YES;
				CLANG_WARN_SUSPICIOUS_MOVE = YES;
				CLANG_WARN_UNGUARDED_AVAILABILITY = YES_AGGRESSIVE;
				CLANG_WARN_UNREACHABLE_CODE = YES;
				CLANG_WARN__DUPLICATE_METHOD_MATCH = YES;
				COPY_PHASE_STRIP = NO;
				DEBUG_INFORMATION_FORMAT = "dwarf-with-dsym";
				ENABLE_NS_ASSERTIONS = NO;
				ENABLE_STRICT_OBJC_MSGSEND = YES;
				GCC_C_LANGUAGE_STANDARD = gnu11;
				GCC_NO_COMMON_BLOCKS = YES;
				GCC_WARN_64_TO_32_BIT_CONVERSION = YES;
				GCC_WARN_ABOUT_RETURN_TYPE = YES_ERROR;
				GCC_WARN_UNDECLARED_SELECTOR = YES;
				GCC_WARN_UNINITIALIZED_AUTOS = YES_AGGRESSIVE;
				GCC_WARN_UNUSED_FUNCTION = YES;
				GCC_WARN_UNUSED_VARIABLE = YES;
				IPHONEOS_DEPLOYMENT_TARGET = 14.5;
				MTL_ENABLE_DEBUG_INFO = NO;
				MTL_FAST_MATH = YES;
				SDKROOT = iphoneos;
				SWIFT_COMPILATION_MODE = wholemodule;
				SWIFT_OPTIMIZATION_LEVEL = "-O";
				VALIDATE_PRODUCT = YES;
			};
			name = Release;
		};
		725CA00C265D4792000D40BF /* Debug */ = {
			isa = XCBuildConfiguration;
			baseConfigurationReference = B660AB24BEA911A06EEBEE72 /* Pods-MyConnecty.debug.xcconfig */;
			buildSettings = {
				ASSETCATALOG_COMPILER_APPICON_NAME = AppIcon;
				ASSETCATALOG_COMPILER_GLOBAL_ACCENT_COLOR_NAME = AccentColor;
				CODE_SIGN_STYLE = Automatic;
				DEVELOPMENT_TEAM = 8682R2TV9L;
				INFOPLIST_FILE = MyConnecty/Info.plist;
				LD_RUNPATH_SEARCH_PATHS = (
					"$(inherited)",
					"@executable_path/Frameworks",
				);
				PRODUCT_BUNDLE_IDENTIFIER = ZainGlobal.MyConnecty;
				PRODUCT_NAME = "$(TARGET_NAME)";
				SWIFT_VERSION = 5.0;
				TARGETED_DEVICE_FAMILY = "1,2";
			};
			name = Debug;
		};
		725CA00D265D4792000D40BF /* Release */ = {
			isa = XCBuildConfiguration;
			baseConfigurationReference = F465AF89A71DF465761900E0 /* Pods-MyConnecty.release.xcconfig */;
			buildSettings = {
				ASSETCATALOG_COMPILER_APPICON_NAME = AppIcon;
				ASSETCATALOG_COMPILER_GLOBAL_ACCENT_COLOR_NAME = AccentColor;
				CODE_SIGN_STYLE = Automatic;
				DEVELOPMENT_TEAM = 8682R2TV9L;
				INFOPLIST_FILE = MyConnecty/Info.plist;
				LD_RUNPATH_SEARCH_PATHS = (
					"$(inherited)",
					"@executable_path/Frameworks",
				);
				PRODUCT_BUNDLE_IDENTIFIER = ZainGlobal.MyConnecty;
				PRODUCT_NAME = "$(TARGET_NAME)";
				SWIFT_VERSION = 5.0;
				TARGETED_DEVICE_FAMILY = "1,2";
			};
			name = Release;
		};
/* End XCBuildConfiguration section */

/* Begin XCConfigurationList section */
		725C9FF2265D4791000D40BF /* Build configuration list for PBXProject "MyConnecty" */ = {
			isa = XCConfigurationList;
			buildConfigurations = (
				725CA009265D4792000D40BF /* Debug */,
				725CA00A265D4792000D40BF /* Release */,
			);
			defaultConfigurationIsVisible = 0;
			defaultConfigurationName = Release;
		};
		725CA00B265D4792000D40BF /* Build configuration list for PBXNativeTarget "MyConnecty" */ = {
			isa = XCConfigurationList;
			buildConfigurations = (
				725CA00C265D4792000D40BF /* Debug */,
				725CA00D265D4792000D40BF /* Release */,
			);
			defaultConfigurationIsVisible = 0;
			defaultConfigurationName = Release;
		};
/* End XCConfigurationList section */
	};
	rootObject = 725C9FEF265D4791000D40BF /* Project object */;
}
